
Microsoft Visual Studio Solution File, Format Version 12.00
# Visual Studio 15
VisualStudioVersion = 15.0.27130.2024
MinimumVisualStudioVersion = 10.0.40219.1
Project("{FAE04EC0-301F-11D3-BF4B-00C04F79EFBC}") = "Gurux.DLMS.Net", "Gurux.DLMS.Net.csproj", "{FEEF449D-3E49-48B6-9D66-8DCF3970FDB6}"
EndProject
Global
	GlobalSection(SolutionConfigurationPlatforms) = preSolution
		Debug|Any CPU = Debug|Any CPU
		Release|Any CPU = Release|Any CPU
	EndGlobalSection
	GlobalSection(ProjectConfigurationPlatforms) = postSolution
		{FEEF449D-3E49-48B6-9D66-8DCF3970FDB6}.Debug|Any CPU.ActiveCfg = Debug|Any CPU
		{FEEF449D-3E49-48B6-9D66-8DCF3970FDB6}.Debug|Any CPU.Build.0 = Debug|Any CPU
		{FEEF449D-3E49-48B6-9D66-8DCF3970FDB6}.Release|Any CPU.ActiveCfg = Release|Any CPU
		{FEEF449D-3E49-48B6-9D66-8DCF3970FDB6}.Release|Any CPU.Build.0 = Release|Any CPU
	EndGlobalSection
	GlobalSection(SolutionProperties) = preSolution
		HideSolutionNode = FALSE
	EndGlobalSection
	GlobalSection(ExtensibilityGlobals) = postSolution
		SolutionGuid = {29ACDA6F-487A-4CD6-8843-F18E3D239D96}
	EndGlobalSection
EndGlobal
