
Microsoft Visual Studio Solution File, Format Version 11.00
# Visual Studio 2010
Project("{FAE04EC0-301F-11D3-BF4B-00C04F79EFBC}") = "Gurux.DLMS.Client.Example.Net", "Gurux.DLMS.Client.Example.Net.csproj", "{A6D49A2D-3991-44F5-AE6B-4C16F5C55D19}"
EndProject
Global
	GlobalSection(SolutionConfigurationPlatforms) = preSolution
		Debug|Any CPU = Debug|Any CPU
		Release|Any CPU = Release|Any CPU
	EndGlobalSection
	GlobalSection(ProjectConfigurationPlatforms) = postSolution
		{A6D49A2D-3991-44F5-AE6B-4C16F5C55D19}.Debug|Any CPU.ActiveCfg = Debug|Any CPU
		{A6D49A2D-3991-44F5-AE6B-4C16F5C55D19}.Debug|Any CPU.Build.0 = Debug|Any CPU
		{A6D49A2D-3991-44F5-AE6B-4C16F5C55D19}.Release|Any CPU.ActiveCfg = Release|Any CPU
		{A6D49A2D-3991-44F5-AE6B-4C16F5C55D19}.Release|Any CPU.Build.0 = Release|Any CPU
	EndGlobalSection
	GlobalSection(SolutionProperties) = preSolution
		HideSolutionNode = FALSE
	EndGlobalSection
EndGlobal
