
Microsoft Visual Studio Solution File, Format Version 10.00
# Visual Studio 2008
Project("{FAE04EC0-301F-11D3-BF4B-00C04F79EFBC}") = "Gurux.DLMS.Server.Example_2008", "Gurux.DLMS.Server.Example\Gurux.DLMS.Server.Example_2008.csproj", "{60FE2A68-A783-4F3F-B034-2657E9718F66}"
EndProject
Project("{FAE04EC0-301F-11D3-BF4B-00C04F79EFBC}") = "Gurux.DLMS_2008", "..\Development\Gurux.DLMS_2008.csproj", "{EFD71BFF-AD54-45ED-B473-305813C2F83A}"
EndProject
Project("{FAE04EC0-301F-11D3-BF4B-00C04F79EFBC}") = "Gurux.Net_2008", "..\..\..\GXMedias\Gurux.Net\Development\Gurux.Net_2008.csproj", "{CB63EA09-D6BC-4B1D-927E-83041A222D54}"
EndProject
Project("{FAE04EC0-301F-11D3-BF4B-00C04F79EFBC}") = "Gurux.Common_2008", "..\..\..\Gurux.Common\Development\Gurux.Common_2008.csproj", "{749652D4-4779-4869-AD81-5211A661CD1B}"
EndProject
Global
	GlobalSection(SolutionConfigurationPlatforms) = preSolution
		Debug|Any CPU = Debug|Any CPU
		Release|Any CPU = Release|Any CPU
	EndGlobalSection
	GlobalSection(ProjectConfigurationPlatforms) = postSolution
		{60FE2A68-A783-4F3F-B034-2657E9718F66}.Debug|Any CPU.ActiveCfg = Debug|Any CPU
		{60FE2A68-A783-4F3F-B034-2657E9718F66}.Debug|Any CPU.Build.0 = Debug|Any CPU
		{60FE2A68-A783-4F3F-B034-2657E9718F66}.Release|Any CPU.ActiveCfg = Release|Any CPU
		{60FE2A68-A783-4F3F-B034-2657E9718F66}.Release|Any CPU.Build.0 = Release|Any CPU
		{EFD71BFF-AD54-45ED-B473-305813C2F83A}.Debug|Any CPU.ActiveCfg = Debug|Any CPU
		{EFD71BFF-AD54-45ED-B473-305813C2F83A}.Debug|Any CPU.Build.0 = Debug|Any CPU
		{EFD71BFF-AD54-45ED-B473-305813C2F83A}.Release|Any CPU.ActiveCfg = Release|Any CPU
		{EFD71BFF-AD54-45ED-B473-305813C2F83A}.Release|Any CPU.Build.0 = Release|Any CPU
		{CB63EA09-D6BC-4B1D-927E-83041A222D54}.Debug|Any CPU.ActiveCfg = Debug|Any CPU
		{CB63EA09-D6BC-4B1D-927E-83041A222D54}.Debug|Any CPU.Build.0 = Debug|Any CPU
		{CB63EA09-D6BC-4B1D-927E-83041A222D54}.Release|Any CPU.ActiveCfg = Release|Any CPU
		{CB63EA09-D6BC-4B1D-927E-83041A222D54}.Release|Any CPU.Build.0 = Release|Any CPU
		{749652D4-4779-4869-AD81-5211A661CD1B}.Debug|Any CPU.ActiveCfg = Debug|Any CPU
		{749652D4-4779-4869-AD81-5211A661CD1B}.Debug|Any CPU.Build.0 = Debug|Any CPU
		{749652D4-4779-4869-AD81-5211A661CD1B}.Release|Any CPU.ActiveCfg = Release|Any CPU
		{749652D4-4779-4869-AD81-5211A661CD1B}.Release|Any CPU.Build.0 = Release|Any CPU
	EndGlobalSection
	GlobalSection(SolutionProperties) = preSolution
		HideSolutionNode = FALSE
	EndGlobalSection
EndGlobal
